{
  "lockfile_version": 1,
  "os": "Windows 11 x64 (build 26200)",
  "r_version": "R version 4.6.1 (2026-06-24 ucrt)",
  "platform": "x86_64-w64-mingw32",
  "packages": [
    {
      "ref": "deps::.",
      "package": "ratesci-deps",
      "version": "1.1.0.9000",
      "type": "deps",
      "direct": true,
      "binary": false,
      "dependencies": [],
      "deps": [
        {
          "ref": "R",
          "type": "Depends",
          "package": "R",
          "op": ">=",
          "version": "3.6.0"
        },
        {
          "ref": "knitr",
          "type": "Suggests",
          "package": "knitr",
          "op": "",
          "version": ""
        },
        {
          "ref": "lifecycle",
          "type": "Suggests",
          "package": "lifecycle",
          "op": "",
          "version": ""
        },
        {
          "ref": "rmarkdown",
          "type": "Suggests",
          "package": "rmarkdown",
          "op": "",
          "version": ""
        },
        {
          "ref": "testthat",
          "type": "Suggests",
          "package": "testthat",
          "op": ">=",
          "version": "3.0.0"
        }
      ],
      "vignettes": false,
      "metadata": {
        "RemotePkgRef": "deps::.",
        "RemoteType": "deps"
      },
      "sources": [],
      "target": "src/contrib/ratesci-deps_1.1.0.9000.tar.gz",
      "platform": "source",
      "rversion": "*",
      "directpkg": true,
      "license": "GPL (>= 3)",
      "dep_types": ["Imports"],
      "params": [],
      "install_args": ["--no-multiarch"],
      "sysreqs": ""
    }
  ]
}
